// !$*UTF8*$!
{
	archiveVersion = 1;
	classes = {
	};
	objectVersion = 56;
	objects = {

/* Begin PBXBuildFile section */
		F800F6083042BA4700A11071 /* CrewView.swift in Sources */ = {isa = PBXBuildFile; fileRef = F800F6073042BA4700A11071 /* CrewView.swift */; };
		F800F60A3042CF4200A11071 /* GridLayout.swift in Sources */ = {isa = PBXBuildFile; fileRef = F800F6093042CF4200A11071 /* GridLayout.swift */; };
		F800F60C3042D07E00A11071 /* ListLayout.swift in Sources */ = {isa = PBXBuildFile; fileRef = F800F60B3042D07E00A11071 /* ListLayout.swift */; };
		F89A251530409D5700D38289 /* Astronaut.swift in Sources */ = {isa = PBXBuildFile; fileRef = F89A251430409D5700D38289 /* Astronaut.swift */; };
		F89A251730409D9800D38289 /* Bundle-Decodable.swift in Sources */ = {isa = PBXBuildFile; fileRef = F89A251630409D9800D38289 /* Bundle-Decodable.swift */; };
		F89A25193040A36C00D38289 /* Mission.swift in Sources */ = {isa = PBXBuildFile; fileRef = F89A25183040A36B00D38289 /* Mission.swift */; };
		F89A251B3040AB0700D38289 /* Color-Theme.swift in Sources */ = {isa = PBXBuildFile; fileRef = F89A251A3040AB0700D38289 /* Color-Theme.swift */; };
		F89A251D3041CF7200D38289 /* MissionView.swift in Sources */ = {isa = PBXBuildFile; fileRef = F89A251C3041CF7200D38289 /* MissionView.swift */; };
		F89A251F3041ED7300D38289 /* AstronautView.swift in Sources */ = {isa = PBXBuildFile; fileRef = F89A251E3041ED7300D38289 /* AstronautView.swift */; };
		F8D2156730408D60008468F7 /* MoonshotApp.swift in Sources */ = {isa = PBXBuildFile; fileRef = F8D2156630408D60008468F7 /* MoonshotApp.swift */; };
		F8D2156930408D60008468F7 /* ContentView.swift in Sources */ = {isa = PBXBuildFile; fileRef = F8D2156830408D60008468F7 /* ContentView.swift */; };
		F8D2156B30408D65008468F7 /* Assets.xcassets in Resources */ = {isa = PBXBuildFile; fileRef = F8D2156A30408D65008468F7 /* Assets.xcassets */; };
		F8D2156E30408D65008468F7 /* Preview Assets.xcassets in Resources */ = {isa = PBXBuildFile; fileRef = F8D2156D30408D65008468F7 /* Preview Assets.xcassets */; };
		F8D2157830408D66008468F7 /* MoonshotTests.swift in Sources */ = {isa = PBXBuildFile; fileRef = F8D2157730408D66008468F7 /* MoonshotTests.swift */; };
		F8D2158230408D66008468F7 /* MoonshotUITests.swift in Sources */ = {isa = PBXBuildFile; fileRef = F8D2158130408D66008468F7 /* MoonshotUITests.swift */; };
		F8D2158430408D66008468F7 /* MoonshotUITestsLaunchTests.swift in Sources */ = {isa = PBXBuildFile; fileRef = F8D2158330408D66008468F7 /* MoonshotUITestsLaunchTests.swift */; };
		F8D2159130408E60008468F7 /* astronauts.json in Resources */ = {isa = PBXBuildFile; fileRef = F8D2159030408E5F008468F7 /* astronauts.json */; };
		F8D2159330408E63008468F7 /* missions.json in Resources */ = {isa = PBXBuildFile; fileRef = F8D2159230408E63008468F7 /* missions.json */; };
/* End PBXBuildFile section */

/* Begin PBXContainerItemProxy section */
		F8D2157430408D66008468F7 /* PBXContainerItemProxy */ = {
			isa = PBXContainerItemProxy;
			containerPortal = F8D2155B30408D60008468F7 /* Project object */;
			proxyType = 1;
			remoteGlobalIDString = F8D2156230408D60008468F7;
			remoteInfo = Moonshot;
		};
		F8D2157E30408D66008468F7 /* PBXContainerItemProxy */ = {
			isa = PBXContainerItemProxy;
			containerPortal = F8D2155B30408D60008468F7 /* Project object */;
			proxyType = 1;
			remoteGlobalIDString = F8D2156230408D60008468F7;
			remoteInfo = Moonshot;
		};
/* End PBXContainerItemProxy section */

/* Begin PBXFileReference section */
		F800F6073042BA4700A11071 /* CrewView.swift */ = {isa = PBXFileReference; lastKnownFileType = sourcecode.swift; path = CrewView.swift; sourceTree = "<group>"; };
		F800F6093042CF4200A11071 /* GridLayout.swift */ = {isa = PBXFileReference; lastKnownFileType = sourcecode.swift; path = GridLayout.swift; sourceTree = "<group>"; };
		F800F60B3042D07E00A11071 /* ListLayout.swift */ = {isa = PBXFileReference; lastKnownFileType = sourcecode.swift; path = ListLayout.swift; sourceTree = "<group>"; };
		F89A251430409D5700D38289 /* Astronaut.swift */ = {isa = PBXFileReference; lastKnownFileType = sourcecode.swift; path = Astronaut.swift; sourceTree = "<group>"; };
		F89A251630409D9800D38289 /* Bundle-Decodable.swift */ = {isa = PBXFileReference; lastKnownFileType = sourcecode.swift; path = "Bundle-Decodable.swift"; sourceTree = "<group>"; };
		F89A25183040A36B00D38289 /* Mission.swift */ = {isa = PBXFileReference; lastKnownFileType = sourcecode.swift; path = Mission.swift; sourceTree = "<group>"; };
		F89A251A3040AB0700D38289 /* Color-Theme.swift */ = {isa = PBXFileReference; lastKnownFileType = sourcecode.swift; path = "Color-Theme.swift"; sourceTree = "<group>"; };
		F89A251C3041CF7200D38289 /* MissionView.swift */ = {isa = PBXFileReference; lastKnownFileType = sourcecode.swift; path = MissionView.swift; sourceTree = "<group>"; };
		F89A251E3041ED7300D38289 /* AstronautView.swift */ = {isa = PBXFileReference; lastKnownFileType = sourcecode.swift; path = AstronautView.swift; sourceTree = "<group>"; };
		F8D2156330408D60008468F7 /* Moonshot.app */ = {isa = PBXFileReference; explicitFileType = wrapper.application; includeInIndex = 0; path = Moonshot.app; sourceTree = BUILT_PRODUCTS_DIR; };
		F8D2156630408D60008468F7 /* MoonshotApp.swift */ = {isa = PBXFileReference; lastKnownFileType = sourcecode.swift; path = MoonshotApp.swift; sourceTree = "<group>"; };
		F8D2156830408D60008468F7 /* ContentView.swift */ = {isa = PBXFileReference; lastKnownFileType = sourcecode.swift; path = ContentView.swift; sourceTree = "<group>"; };
		F8D2156A30408D65008468F7 /* Assets.xcassets */ = {isa = PBXFileReference; lastKnownFileType = folder.assetcatalog; path = Assets.xcassets; sourceTree = "<group>"; };
		F8D2156D30408D65008468F7 /* Preview Assets.xcassets */ = {isa = PBXFileReference; lastKnownFileType = folder.assetcatalog; path = "Preview Assets.xcassets"; sourceTree = "<group>"; };
		F8D2157330408D66008468F7 /* MoonshotTests.xctest */ = {isa = PBXFileReference; explicitFileType = wrapper.cfbundle; includeInIndex = 0; path = MoonshotTests.xctest; sourceTree = BUILT_PRODUCTS_DIR; };
		F8D2157730408D66008468F7 /* MoonshotTests.swift */ = {isa = PBXFileReference; lastKnownFileType = sourcecode.swift; path = MoonshotTests.swift; sourceTree = "<group>"; };
		F8D2157D30408D66008468F7 /* MoonshotUITests.xctest */ = {isa = PBXFileReference; explicitFileType = wrapper.cfbundle; includeInIndex = 0; path = MoonshotUITests.xctest; sourceTree = BUILT_PRODUCTS_DIR; };
		F8D2158130408D66008468F7 /* MoonshotUITests.swift */ = {isa = PBXFileReference; lastKnownFileType = sourcecode.swift; path = MoonshotUITests.swift; sourceTree = "<group>"; };
		F8D2158330408D66008468F7 /* MoonshotUITestsLaunchTests.swift */ = {isa = PBXFileReference; lastKnownFileType = sourcecode.swift; path = MoonshotUITestsLaunchTests.swift; sourceTree = "<group>"; };
		F8D2159030408E5F008468F7 /* astronauts.json */ = {isa = PBXFileReference; fileEncoding = 4; lastKnownFileType = text.json; path = astronauts.json; sourceTree = "<group>"; };
		F8D2159230408E63008468F7 /* missions.json */ = {isa = PBXFileReference; fileEncoding = 4; lastKnownFileType = text.json; path = missions.json; sourceTree = "<group>"; };
/* End PBXFileReference section */

/* Begin PBXFrameworksBuildPhase section */
		F8D2156030408D60008468F7 /* Frameworks */ = {
			isa = PBXFrameworksBuildPhase;
			buildActionMask = 2147483647;
			files = (
			);
			runOnlyForDeploymentPostprocessing = 0;
		};
		F8D2157030408D66008468F7 /* Frameworks */ = {
			isa = PBXFrameworksBuildPhase;
			buildActionMask = 2147483647;
			files = (
			);
			runOnlyForDeploymentPostprocessing = 0;
		};
		F8D2157A30408D66008468F7 /* Frameworks */ = {
			isa = PBXFrameworksBuildPhase;
			buildActionMask = 2147483647;
			files = (
			);
			runOnlyForDeploymentPostprocessing = 0;
		};
/* End PBXFrameworksBuildPhase section */

/* Begin PBXGroup section */
		F8D2155A30408D60008468F7 = {
			isa = PBXGroup;
			children = (
				F8D2156530408D60008468F7 /* Moonshot */,
				F8D2157630408D66008468F7 /* MoonshotTests */,
				F8D2158030408D66008468F7 /* MoonshotUITests */,
				F8D2156430408D60008468F7 /* Products */,
			);
			sourceTree = "<group>";
		};
		F8D2156430408D60008468F7 /* Products */ = {
			isa = PBXGroup;
			children = (
				F8D2156330408D60008468F7 /* Moonshot.app */,
				F8D2157330408D66008468F7 /* MoonshotTests.xctest */,
				F8D2157D30408D66008468F7 /* MoonshotUITests.xctest */,
			);
			name = Products;
			sourceTree = "<group>";
		};
		F8D2156530408D60008468F7 /* Moonshot */ = {
			isa = PBXGroup;
			children = (
				F8D2156630408D60008468F7 /* MoonshotApp.swift */,
				F8D2156830408D60008468F7 /* ContentView.swift */,
				F800F60B3042D07E00A11071 /* ListLayout.swift */,
				F89A251C3041CF7200D38289 /* MissionView.swift */,
				F89A251E3041ED7300D38289 /* AstronautView.swift */,
				F800F6093042CF4200A11071 /* GridLayout.swift */,
				F800F6073042BA4700A11071 /* CrewView.swift */,
				F89A251A3040AB0700D38289 /* Color-Theme.swift */,
				F89A251430409D5700D38289 /* Astronaut.swift */,
				F89A251630409D9800D38289 /* Bundle-Decodable.swift */,
				F89A25183040A36B00D38289 /* Mission.swift */,
				F8D2159030408E5F008468F7 /* astronauts.json */,
				F8D2159230408E63008468F7 /* missions.json */,
				F8D2156A30408D65008468F7 /* Assets.xcassets */,
				F8D2156C30408D65008468F7 /* Preview Content */,
			);
			path = Moonshot;
			sourceTree = "<group>";
		};
		F8D2156C30408D65008468F7 /* Preview Content */ = {
			isa = PBXGroup;
			children = (
				F8D2156D30408D65008468F7 /* Preview Assets.xcassets */,
			);
			path = "Preview Content";
			sourceTree = "<group>";
		};
		F8D2157630408D66008468F7 /* MoonshotTests */ = {
			isa = PBXGroup;
			children = (
				F8D2157730408D66008468F7 /* MoonshotTests.swift */,
			);
			path = MoonshotTests;
			sourceTree = "<group>";
		};
		F8D2158030408D66008468F7 /* MoonshotUITests */ = {
			isa = PBXGroup;
			children = (
				F8D2158130408D66008468F7 /* MoonshotUITests.swift */,
				F8D2158330408D66008468F7 /* MoonshotUITestsLaunchTests.swift */,
			);
			path = MoonshotUITests;
			sourceTree = "<group>";
		};
/* End PBXGroup section */

/* Begin PBXNativeTarget section */
		F8D2156230408D60008468F7 /* Moonshot */ = {
			isa = PBXNativeTarget;
			buildConfigurationList = F8D2158730408D66008468F7 /* Build configuration list for PBXNativeTarget "Moonshot" */;
			buildPhases = (
				F8D2155F30408D60008468F7 /* Sources */,
				F8D2156030408D60008468F7 /* Frameworks */,
				F8D2156130408D60008468F7 /* Resources */,
			);
			buildRules = (
			);
			dependencies = (
			);
			name = Moonshot;
			productName = Moonshot;
			productReference = F8D2156330408D60008468F7 /* Moonshot.app */;
			productType = "com.apple.product-type.application";
		};
		F8D2157230408D66008468F7 /* MoonshotTests */ = {
			isa = PBXNativeTarget;
			buildConfigurationList = F8D2158A30408D66008468F7 /* Build configuration list for PBXNativeTarget "MoonshotTests" */;
			buildPhases = (
				F8D2156F30408D66008468F7 /* Sources */,
				F8D2157030408D66008468F7 /* Frameworks */,
				F8D2157130408D66008468F7 /* Resources */,
			);
			buildRules = (
			);
			dependencies = (
				F8D2157530408D66008468F7 /* PBXTargetDependency */,
			);
			name = MoonshotTests;
			productName = MoonshotTests;
			productReference = F8D2157330408D66008468F7 /* MoonshotTests.xctest */;
			productType = "com.apple.product-type.bundle.unit-test";
		};
		F8D2157C30408D66008468F7 /* MoonshotUITests */ = {
			isa = PBXNativeTarget;
			buildConfigurationList = F8D2158D30408D66008468F7 /* Build configuration list for PBXNativeTarget "MoonshotUITests" */;
			buildPhases = (
				F8D2157930408D66008468F7 /* Sources */,
				F8D2157A30408D66008468F7 /* Frameworks */,
				F8D2157B30408D66008468F7 /* Resources */,
			);
			buildRules = (
			);
			dependencies = (
				F8D2157F30408D66008468F7 /* PBXTargetDependency */,
			);
			name = MoonshotUITests;
			productName = MoonshotUITests;
			productReference = F8D2157D30408D66008468F7 /* MoonshotUITests.xctest */;
			productType = "com.apple.product-type.bundle.ui-testing";
		};
/* End PBXNativeTarget section */

/* Begin PBXProject section */
		F8D2155B30408D60008468F7 /* Project object */ = {
			isa = PBXProject;
			attributes = {
				BuildIndependentTargetsInParallel = 1;
				LastSwiftUpdateCheck = 1420;
				LastUpgradeCheck = 1420;
				TargetAttributes = {
					F8D2156230408D60008468F7 = {
						CreatedOnToolsVersion = 14.2;
					};
					F8D2157230408D66008468F7 = {
						CreatedOnToolsVersion = 14.2;
						TestTargetID = F8D2156230408D60008468F7;
					};
					F8D2157C30408D66008468F7 = {
						CreatedOnToolsVersion = 14.2;
						TestTargetID = F8D2156230408D60008468F7;
					};
				};
			};
			buildConfigurationList = F8D2155E30408D60008468F7 /* Build configuration list for PBXProject "Moonshot" */;
			compatibilityVersion = "Xcode 14.0";
			developmentRegion = en;
			hasScannedForEncodings = 0;
			knownRegions = (
				en,
				Base,
			);
			mainGroup = F8D2155A30408D60008468F7;
			productRefGroup = F8D2156430408D60008468F7 /* Products */;
			projectDirPath = "";
			projectRoot = "";
			targets = (
				F8D2156230408D60008468F7 /* Moonshot */,
				F8D2157230408D66008468F7 /* MoonshotTests */,
				F8D2157C30408D66008468F7 /* MoonshotUITests */,
			);
		};
/* End PBXProject section */

/* Begin PBXResourcesBuildPhase section */
		F8D2156130408D60008468F7 /* Resources */ = {
			isa = PBXResourcesBuildPhase;
			buildActionMask = 2147483647;
			files = (
				F8D2159130408E60008468F7 /* astronauts.json in Resources */,
				F8D2156E30408D65008468F7 /* Preview Assets.xcassets in Resources */,
				F8D2159330408E63008468F7 /* missions.json in Resources */,
				F8D2156B30408D65008468F7 /* Assets.xcassets in Resources */,
			);
			runOnlyForDeploymentPostprocessing = 0;
		};
		F8D2157130408D66008468F7 /* Resources */ = {
			isa = PBXResourcesBuildPhase;
			buildActionMask = 2147483647;
			files = (
			);
			runOnlyForDeploymentPostprocessing = 0;
		};
		F8D2157B30408D66008468F7 /* Resources */ = {
			isa = PBXResourcesBuildPhase;
			buildActionMask = 2147483647;
			files = (
			);
			runOnlyForDeploymentPostprocessing = 0;
		};
/* End PBXResourcesBuildPhase section */

/* Begin PBXSourcesBuildPhase section */
		F8D2155F30408D60008468F7 /* Sources */ = {
			isa = PBXSourcesBuildPhase;
			buildActionMask = 2147483647;
			files = (
				F89A251D3041CF7200D38289 /* MissionView.swift in Sources */,
				F800F6083042BA4700A11071 /* CrewView.swift in Sources */,
				F89A251530409D5700D38289 /* Astronaut.swift in Sources */,
				F89A251F3041ED7300D38289 /* AstronautView.swift in Sources */,
				F89A251B3040AB0700D38289 /* Color-Theme.swift in Sources */,
				F8D2156930408D60008468F7 /* ContentView.swift in Sources */,
				F8D2156730408D60008468F7 /* MoonshotApp.swift in Sources */,
				F800F60A3042CF4200A11071 /* GridLayout.swift in Sources */,
				F800F60C3042D07E00A11071 /* ListLayout.swift in Sources */,
				F89A25193040A36C00D38289 /* Mission.swift in Sources */,
				F89A251730409D9800D38289 /* Bundle-Decodable.swift in Sources */,
			);
			runOnlyForDeploymentPostprocessing = 0;
		};
		F8D2156F30408D66008468F7 /* Sources */ = {
			isa = PBXSourcesBuildPhase;
			buildActionMask = 2147483647;
			files = (
				F8D2157830408D66008468F7 /* MoonshotTests.swift in Sources */,
			);
			runOnlyForDeploymentPostprocessing = 0;
		};
		F8D2157930408D66008468F7 /* Sources */ = {
			isa = PBXSourcesBuildPhase;
			buildActionMask = 2147483647;
			files = (
				F8D2158430408D66008468F7 /* MoonshotUITestsLaunchTests.swift in Sources */,
				F8D2158230408D66008468F7 /* MoonshotUITests.swift in Sources */,
			);
			runOnlyForDeploymentPostprocessing = 0;
		};
/* End PBXSourcesBuildPhase section */

/* Begin PBXTargetDependency section */
		F8D2157530408D66008468F7 /* PBXTargetDependency */ = {
			isa = PBXTargetDependency;
			target = F8D2156230408D60008468F7 /* Moonshot */;
			targetProxy = F8D2157430408D66008468F7 /* PBXContainerItemProxy */;
		};
		F8D2157F30408D66008468F7 /* PBXTargetDependency */ = {
			isa = PBXTargetDependency;
			target = F8D2156230408D60008468F7 /* Moonshot */;
			targetProxy = F8D2157E30408D66008468F7 /* PBXContainerItemProxy */;
		};
/* End PBXTargetDependency section */

/* Begin XCBuildConfiguration section */
		F8D2158530408D66008468F7 /* Debug */ = {
			isa = XCBuildConfiguration;
			buildSettings = {
				ALWAYS_SEARCH_USER_PATHS = NO;
				CLANG_ANALYZER_NONNULL = YES;
				CLANG_ANALYZER_NUMBER_OBJECT_CONVERSION = YES_AGGRESSIVE;
				CLANG_CXX_LANGUAGE_STANDARD = "gnu++20";
				CLANG_ENABLE_MODULES = YES;
				CLANG_ENABLE_OBJC_ARC = YES;
				CLANG_ENABLE_OBJC_WEAK = YES;
				CLANG_WARN_BLOCK_CAPTURE_AUTORELEASING = YES;
				CLANG_WARN_BOOL_CONVERSION = YES;
				CLANG_WARN_COMMA = YES;
				CLANG_WARN_CONSTANT_CONVERSION = YES;
				CLANG_WARN_DEPRECATED_OBJC_IMPLEMENTATIONS = YES;
				CLANG_WARN_DIRECT_OBJC_ISA_USAGE = YES_ERROR;
				CLANG_WARN_DOCUMENTATION_COMMENTS = YES;
				CLANG_WARN_EMPTY_BODY = YES;
				CLANG_WARN_ENUM_CONVERSION = YES;
				CLANG_WARN_INFINITE_RECURSION = YES;
				CLANG_WARN_INT_CONVERSION = YES;
				CLANG_WARN_NON_LITERAL_NULL_CONVERSION = YES;
				CLANG_WARN_OBJC_IMPLICIT_RETAIN_SELF = YES;
				CLANG_WARN_OBJC_LITERAL_CONVERSION = YES;
				CLANG_WARN_OBJC_ROOT_CLASS = YES_ERROR;
				CLANG_WARN_QUOTED_INCLUDE_IN_FRAMEWORK_HEADER = YES;
				CLANG_WARN_RANGE_LOOP_ANALYSIS = YES;
				CLANG_WARN_STRICT_PROTOTYPES = YES;
				CLANG_WARN_SUSPICIOUS_MOVE = YES;
				CLANG_WARN_UNGUARDED_AVAILABILITY = YES_AGGRESSIVE;
				CLANG_WARN_UNREACHABLE_CODE = YES;
				CLANG_WARN__DUPLICATE_METHOD_MATCH = YES;
				COPY_PHASE_STRIP = NO;
				DEBUG_INFORMATION_FORMAT = dwarf;
				ENABLE_STRICT_OBJC_MSGSEND = YES;
				ENABLE_TESTABILITY = YES;
				GCC_C_LANGUAGE_STANDARD = gnu11;
				GCC_DYNAMIC_NO_PIC = NO;
				GCC_NO_COMMON_BLOCKS = YES;
				GCC_OPTIMIZATION_LEVEL = 0;
				GCC_PREPROCESSOR_DEFINITIONS = (
					"DEBUG=1",
					"$(inherited)",
				);
				GCC_WARN_64_TO_32_BIT_CONVERSION = YES;
				GCC_WARN_ABOUT_RETURN_TYPE = YES_ERROR;
				GCC_WARN_UNDECLARED_SELECTOR = YES;
				GCC_WARN_UNINITIALIZED_AUTOS = YES_AGGRESSIVE;
				GCC_WARN_UNUSED_FUNCTION = YES;
				GCC_WARN_UNUSED_VARIABLE = YES;
				IPHONEOS_DEPLOYMENT_TARGET = 16.2;
				MTL_ENABLE_DEBUG_INFO = INCLUDE_SOURCE;
				MTL_FAST_MATH = YES;
				ONLY_ACTIVE_ARCH = YES;
				SDKROOT = iphoneos;
				SWIFT_ACTIVE_COMPILATION_CONDITIONS = DEBUG;
				SWIFT_OPTIMIZATION_LEVEL = "-Onone";
			};
			name = Debug;
		};
		F8D2158630408D66008468F7 /* Release */ = {
			isa = XCBuildConfiguration;
			buildSettings = {
				ALWAYS_SEARCH_USER_PATHS = NO;
				CLANG_ANALYZER_NONNULL = YES;
				CLANG_ANALYZER_NUMBER_OBJECT_CONVERSION = YES_AGGRESSIVE;
				CLANG_CXX_LANGUAGE_STANDARD = "gnu++20";
				CLANG_ENABLE_MODULES = YES;
				CLANG_ENABLE_OBJC_ARC = YES;
				CLANG_ENABLE_OBJC_WEAK = YES;
				CLANG_WARN_BLOCK_CAPTURE_AUTORELEASING = YES;
				CLANG_WARN_BOOL_CONVERSION = YES;
				CLANG_WARN_COMMA = YES;
				CLANG_WARN_CONSTANT_CONVERSION = YES;
				CLANG_WARN_DEPRECATED_OBJC_IMPLEMENTATIONS = YES;
				CLANG_WARN_DIRECT_OBJC_ISA_USAGE = YES_ERROR;
				CLANG_WARN_DOCUMENTATION_COMMENTS = YES;
				CLANG_WARN_EMPTY_BODY = YES;
				CLANG_WARN_ENUM_CONVERSION = YES;
				CLANG_WARN_INFINITE_RECURSION = YES;
				CLANG_WARN_INT_CONVERSION = YES;
				CLANG_WARN_NON_LITERAL_NULL_CONVERSION = YES;
				CLANG_WARN_OBJC_IMPLICIT_RETAIN_SELF = YES;
				CLANG_WARN_OBJC_LITERAL_CONVERSION = YES;
				CLANG_WARN_OBJC_ROOT_CLASS = YES_ERROR;
				CLANG_WARN_QUOTED_INCLUDE_IN_FRAMEWORK_HEADER = YES;
				CLANG_WARN_RANGE_LOOP_ANALYSIS = YES;
				CLANG_WARN_STRICT_PROTOTYPES = YES;
				CLANG_WARN_SUSPICIOUS_MOVE = YES;
				CLANG_WARN_UNGUARDED_AVAILABILITY = YES_AGGRESSIVE;
				CLANG_WARN_UNREACHABLE_CODE = YES;
				CLANG_WARN__DUPLICATE_METHOD_MATCH = YES;
				COPY_PHASE_STRIP = NO;
				DEBUG_INFORMATION_FORMAT = "dwarf-with-dsym";
				ENABLE_NS_ASSERTIONS = NO;
				ENABLE_STRICT_OBJC_MSGSEND = YES;
				GCC_C_LANGUAGE_STANDARD = gnu11;
				GCC_NO_COMMON_BLOCKS = YES;
				GCC_WARN_64_TO_32_BIT_CONVERSION = YES;
				GCC_WARN_ABOUT_RETURN_TYPE = YES_ERROR;
				GCC_WARN_UNDECLARED_SELECTOR = YES;
				GCC_WARN_UNINITIALIZED_AUTOS = YES_AGGRESSIVE;
				GCC_WARN_UNUSED_FUNCTION = YES;
				GCC_WARN_UNUSED_VARIABLE = YES;
				IPHONEOS_DEPLOYMENT_TARGET = 16.2;
				MTL_ENABLE_DEBUG_INFO = NO;
				MTL_FAST_MATH = YES;
				SDKROOT = iphoneos;
				SWIFT_COMPILATION_MODE = wholemodule;
				SWIFT_OPTIMIZATION_LEVEL = "-O";
				VALIDATE_PRODUCT = YES;
			};
			name = Release;
		};
		F8D2158830408D66008468F7 /* Debug */ = {
			isa = XCBuildConfiguration;
			buildSettings = {
				ASSETCATALOG_COMPILER_APPICON_NAME = AppIcon;
				ASSETCATALOG_COMPILER_GLOBAL_ACCENT_COLOR_NAME = AccentColor;
				CODE_SIGN_STYLE = Automatic;
				CURRENT_PROJECT_VERSION = 1;
				DEVELOPMENT_ASSET_PATHS = "\"Moonshot/Preview Content\"";
				ENABLE_PREVIEWS = YES;
				GENERATE_INFOPLIST_FILE = YES;
				INFOPLIST_KEY_UIApplicationSceneManifest_Generation = YES;
				INFOPLIST_KEY_UIApplicationSupportsIndirectInputEvents = YES;
				INFOPLIST_KEY_UILaunchScreen_Generation = YES;
				INFOPLIST_KEY_UISupportedInterfaceOrientations_iPad = "UIInterfaceOrientationPortrait UIInterfaceOrientationPortraitUpsideDown UIInterfaceOrientationLandscapeLeft UIInterfaceOrientationLandscapeRight";
				INFOPLIST_KEY_UISupportedInterfaceOrientations_iPhone = "UIInterfaceOrientationPortrait UIInterfaceOrientationLandscapeLeft UIInterfaceOrientationLandscapeRight";
				LD_RUNPATH_SEARCH_PATHS = (
					"$(inherited)",
					"@executable_path/Frameworks",
				);
				MARKETING_VERSION = 1.0;
				PRODUCT_BUNDLE_IDENTIFIER = com.suayd.Moonshot;
				PRODUCT_NAME = "$(TARGET_NAME)";
				SWIFT_EMIT_LOC_STRINGS = YES;
				SWIFT_VERSION = 5.0;
				TARGETED_DEVICE_FAMILY = "1,2";
			};
			name = Debug;
		};
		F8D2158930408D66008468F7 /* Release */ = {
			isa = XCBuildConfiguration;
			buildSettings = {
				ASSETCATALOG_COMPILER_APPICON_NAME = AppIcon;
				ASSETCATALOG_COMPILER_GLOBAL_ACCENT_COLOR_NAME = AccentColor;
				CODE_SIGN_STYLE = Automatic;
				CURRENT_PROJECT_VERSION = 1;
				DEVELOPMENT_ASSET_PATHS = "\"Moonshot/Preview Content\"";
				ENABLE_PREVIEWS = YES;
				GENERATE_INFOPLIST_FILE = YES;
				INFOPLIST_KEY_UIApplicationSceneManifest_Generation = YES;
				INFOPLIST_KEY_UIApplicationSupportsIndirectInputEvents = YES;
				INFOPLIST_KEY_UILaunchScreen_Generation = YES;
				INFOPLIST_KEY_UISupportedInterfaceOrientations_iPad = "UIInterfaceOrientationPortrait UIInterfaceOrientationPortraitUpsideDown UIInterfaceOrientationLandscapeLeft UIInterfaceOrientationLandscapeRight";
				INFOPLIST_KEY_UISupportedInterfaceOrientations_iPhone = "UIInterfaceOrientationPortrait UIInterfaceOrientationLandscapeLeft UIInterfaceOrientationLandscapeRight";
				LD_RUNPATH_SEARCH_PATHS = (
					"$(inherited)",
					"@executable_path/Frameworks",
				);
				MARKETING_VERSION = 1.0;
				PRODUCT_BUNDLE_IDENTIFIER = com.suayd.Moonshot;
				PRODUCT_NAME = "$(TARGET_NAME)";
				SWIFT_EMIT_LOC_STRINGS = YES;
				SWIFT_VERSION = 5.0;
				TARGETED_DEVICE_FAMILY = "1,2";
			};
			name = Release;
		};
		F8D2158B30408D66008468F7 /* Debug */ = {
			isa = XCBuildConfiguration;
			buildSettings = {
				ALWAYS_EMBED_SWIFT_STANDARD_LIBRARIES = YES;
				BUNDLE_LOADER = "$(TEST_HOST)";
				CODE_SIGN_STYLE = Automatic;
				CURRENT_PROJECT_VERSION = 1;
				GENERATE_INFOPLIST_FILE = YES;
				IPHONEOS_DEPLOYMENT_TARGET = 16.2;
				MARKETING_VERSION = 1.0;
				PRODUCT_BUNDLE_IDENTIFIER = com.suayd.MoonshotTests;
				PRODUCT_NAME = "$(TARGET_NAME)";
				SWIFT_EMIT_LOC_STRINGS = NO;
				SWIFT_VERSION = 5.0;
				TARGETED_DEVICE_FAMILY = "1,2";
				TEST_HOST = "$(BUILT_PRODUCTS_DIR)/Moonshot.app/$(BUNDLE_EXECUTABLE_FOLDER_PATH)/Moonshot";
			};
			name = Debug;
		};
		F8D2158C30408D66008468F7 /* Release */ = {
			isa = XCBuildConfiguration;
			buildSettings = {
				ALWAYS_EMBED_SWIFT_STANDARD_LIBRARIES = YES;
				BUNDLE_LOADER = "$(TEST_HOST)";
				CODE_SIGN_STYLE = Automatic;
				CURRENT_PROJECT_VERSION = 1;
				GENERATE_INFOPLIST_FILE = YES;
				IPHONEOS_DEPLOYMENT_TARGET = 16.2;
				MARKETING_VERSION = 1.0;
				PRODUCT_BUNDLE_IDENTIFIER = com.suayd.MoonshotTests;
				PRODUCT_NAME = "$(TARGET_NAME)";
				SWIFT_EMIT_LOC_STRINGS = NO;
				SWIFT_VERSION = 5.0;
				TARGETED_DEVICE_FAMILY = "1,2";
				TEST_HOST = "$(BUILT_PRODUCTS_DIR)/Moonshot.app/$(BUNDLE_EXECUTABLE_FOLDER_PATH)/Moonshot";
			};
			name = Release;
		};
		F8D2158E30408D66008468F7 /* Debug */ = {
			isa = XCBuildConfiguration;
			buildSettings = {
				ALWAYS_EMBED_SWIFT_STANDARD_LIBRARIES = YES;
				CODE_SIGN_STYLE = Automatic;
				CURRENT_PROJECT_VERSION = 1;
				GENERATE_INFOPLIST_FILE = YES;
				MARKETING_VERSION = 1.0;
				PRODUCT_BUNDLE_IDENTIFIER = com.suayd.MoonshotUITests;
				PRODUCT_NAME = "$(TARGET_NAME)";
				SWIFT_EMIT_LOC_STRINGS = NO;
				SWIFT_VERSION = 5.0;
				TARGETED_DEVICE_FAMILY = "1,2";
				TEST_TARGET_NAME = Moonshot;
			};
			name = Debug;
		};
		F8D2158F30408D66008468F7 /* Release */ = {
			isa = XCBuildConfiguration;
			buildSettings = {
				ALWAYS_EMBED_SWIFT_STANDARD_LIBRARIES = YES;
				CODE_SIGN_STYLE = Automatic;
				CURRENT_PROJECT_VERSION = 1;
				GENERATE_INFOPLIST_FILE = YES;
				MARKETING_VERSION = 1.0;
				PRODUCT_BUNDLE_IDENTIFIER = com.suayd.MoonshotUITests;
				PRODUCT_NAME = "$(TARGET_NAME)";
				SWIFT_EMIT_LOC_STRINGS = NO;
				SWIFT_VERSION = 5.0;
				TARGETED_DEVICE_FAMILY = "1,2";
				TEST_TARGET_NAME = Moonshot;
			};
			name = Release;
		};
/* End XCBuildConfiguration section */

/* Begin XCConfigurationList section */
		F8D2155E30408D60008468F7 /* Build configuration list for PBXProject "Moonshot" */ = {
			isa = XCConfigurationList;
			buildConfigurations = (
				F8D2158530408D66008468F7 /* Debug */,
				F8D2158630408D66008468F7 /* Release */,
			);
			defaultConfigurationIsVisible = 0;
			defaultConfigurationName = Release;
		};
		F8D2158730408D66008468F7 /* Build configuration list for PBXNativeTarget "Moonshot" */ = {
			isa = XCConfigurationList;
			buildConfigurations = (
				F8D2158830408D66008468F7 /* Debug */,
				F8D2158930408D66008468F7 /* Release */,
			);
			defaultConfigurationIsVisible = 0;
			defaultConfigurationName = Release;
		};
		F8D2158A30408D66008468F7 /* Build configuration list for PBXNativeTarget "MoonshotTests" */ = {
			isa = XCConfigurationList;
			buildConfigurations = (
				F8D2158B30408D66008468F7 /* Debug */,
				F8D2158C30408D66008468F7 /* Release */,
			);
			defaultConfigurationIsVisible = 0;
			defaultConfigurationName = Release;
		};
		F8D2158D30408D66008468F7 /* Build configuration list for PBXNativeTarget "MoonshotUITests" */ = {
			isa = XCConfigurationList;
			buildConfigurations = (
				F8D2158E30408D66008468F7 /* Debug */,
				F8D2158F30408D66008468F7 /* Release */,
			);
			defaultConfigurationIsVisible = 0;
			defaultConfigurationName = Release;
		};
/* End XCConfigurationList section */
	};
	rootObject = F8D2155B30408D60008468F7 /* Project object */;
}
