// !$*UTF8*$!
{
	archiveVersion = 1;
	classes = {
	};
	objectVersion = 56;
	objects = {

/* Begin PBXBuildFile section */
		F8C273F42FF6588500D6653E /* Guess_The_FlagApp.swift in Sources */ = {isa = PBXBuildFile; fileRef = F8C273F32FF6588500D6653E /* Guess_The_FlagApp.swift */; };
		F8C273F62FF6588500D6653E /* ContentView.swift in Sources */ = {isa = PBXBuildFile; fileRef = F8C273F52FF6588500D6653E /* ContentView.swift */; };
		F8C273F82FF6588A00D6653E /* Assets.xcassets in Resources */ = {isa = PBXBuildFile; fileRef = F8C273F72FF6588A00D6653E /* Assets.xcassets */; };
		F8C273FB2FF6588A00D6653E /* Preview Assets.xcassets in Resources */ = {isa = PBXBuildFile; fileRef = F8C273FA2FF6588A00D6653E /* Preview Assets.xcassets */; };
		F8C274052FF6588B00D6653E /* Guess_The_FlagTests.swift in Sources */ = {isa = PBXBuildFile; fileRef = F8C274042FF6588B00D6653E /* Guess_The_FlagTests.swift */; };
		F8C2740F2FF6588C00D6653E /* Guess_The_FlagUITests.swift in Sources */ = {isa = PBXBuildFile; fileRef = F8C2740E2FF6588C00D6653E /* Guess_The_FlagUITests.swift */; };
		F8C274112FF6588C00D6653E /* Guess_The_FlagUITestsLaunchTests.swift in Sources */ = {isa = PBXBuildFile; fileRef = F8C274102FF6588C00D6653E /* Guess_The_FlagUITestsLaunchTests.swift */; };
/* End PBXBuildFile section */

/* Begin PBXContainerItemProxy section */
		F8C274012FF6588B00D6653E /* PBXContainerItemProxy */ = {
			isa = PBXContainerItemProxy;
			containerPortal = F8C273E82FF6588500D6653E /* Project object */;
			proxyType = 1;
			remoteGlobalIDString = F8C273EF2FF6588500D6653E;
			remoteInfo = "Guess The Flag";
		};
		F8C2740B2FF6588B00D6653E /* PBXContainerItemProxy */ = {
			isa = PBXContainerItemProxy;
			containerPortal = F8C273E82FF6588500D6653E /* Project object */;
			proxyType = 1;
			remoteGlobalIDString = F8C273EF2FF6588500D6653E;
			remoteInfo = "Guess The Flag";
		};
/* End PBXContainerItemProxy section */

/* Begin PBXFileReference section */
		F8C273F02FF6588500D6653E /* Guess The Flag.app */ = {isa = PBXFileReference; explicitFileType = wrapper.application; includeInIndex = 0; path = "Guess The Flag.app"; sourceTree = BUILT_PRODUCTS_DIR; };
		F8C273F32FF6588500D6653E /* Guess_The_FlagApp.swift */ = {isa = PBXFileReference; lastKnownFileType = sourcecode.swift; path = Guess_The_FlagApp.swift; sourceTree = "<group>"; };
		F8C273F52FF6588500D6653E /* ContentView.swift */ = {isa = PBXFileReference; lastKnownFileType = sourcecode.swift; path = ContentView.swift; sourceTree = "<group>"; };
		F8C273F72FF6588A00D6653E /* Assets.xcassets */ = {isa = PBXFileReference; lastKnownFileType = folder.assetcatalog; path = Assets.xcassets; sourceTree = "<group>"; };
		F8C273FA2FF6588A00D6653E /* Preview Assets.xcassets */ = {isa = PBXFileReference; lastKnownFileType = folder.assetcatalog; path = "Preview Assets.xcassets"; sourceTree = "<group>"; };
		F8C274002FF6588B00D6653E /* Guess The FlagTests.xctest */ = {isa = PBXFileReference; explicitFileType = wrapper.cfbundle; includeInIndex = 0; path = "Guess The FlagTests.xctest"; sourceTree = BUILT_PRODUCTS_DIR; };
		F8C274042FF6588B00D6653E /* Guess_The_FlagTests.swift */ = {isa = PBXFileReference; lastKnownFileType = sourcecode.swift; path = Guess_The_FlagTests.swift; sourceTree = "<group>"; };
		F8C2740A2FF6588B00D6653E /* Guess The FlagUITests.xctest */ = {isa = PBXFileReference; explicitFileType = wrapper.cfbundle; includeInIndex = 0; path = "Guess The FlagUITests.xctest"; sourceTree = BUILT_PRODUCTS_DIR; };
		F8C2740E2FF6588C00D6653E /* Guess_The_FlagUITests.swift */ = {isa = PBXFileReference; lastKnownFileType = sourcecode.swift; path = Guess_The_FlagUITests.swift; sourceTree = "<group>"; };
		F8C274102FF6588C00D6653E /* Guess_The_FlagUITestsLaunchTests.swift */ = {isa = PBXFileReference; lastKnownFileType = sourcecode.swift; path = Guess_The_FlagUITestsLaunchTests.swift; sourceTree = "<group>"; };
/* End PBXFileReference section */

/* Begin PBXFrameworksBuildPhase section */
		F8C273ED2FF6588500D6653E /* Frameworks */ = {
			isa = PBXFrameworksBuildPhase;
			buildActionMask = 2147483647;
			files = (
			);
			runOnlyForDeploymentPostprocessing = 0;
		};
		F8C273FD2FF6588B00D6653E /* Frameworks */ = {
			isa = PBXFrameworksBuildPhase;
			buildActionMask = 2147483647;
			files = (
			);
			runOnlyForDeploymentPostprocessing = 0;
		};
		F8C274072FF6588B00D6653E /* Frameworks */ = {
			isa = PBXFrameworksBuildPhase;
			buildActionMask = 2147483647;
			files = (
			);
			runOnlyForDeploymentPostprocessing = 0;
		};
/* End PBXFrameworksBuildPhase section */

/* Begin PBXGroup section */
		F8C273E72FF6588500D6653E = {
			isa = PBXGroup;
			children = (
				F8C273F22FF6588500D6653E /* Guess The Flag */,
				F8C274032FF6588B00D6653E /* Guess The FlagTests */,
				F8C2740D2FF6588C00D6653E /* Guess The FlagUITests */,
				F8C273F12FF6588500D6653E /* Products */,
			);
			sourceTree = "<group>";
		};
		F8C273F12FF6588500D6653E /* Products */ = {
			isa = PBXGroup;
			children = (
				F8C273F02FF6588500D6653E /* Guess The Flag.app */,
				F8C274002FF6588B00D6653E /* Guess The FlagTests.xctest */,
				F8C2740A2FF6588B00D6653E /* Guess The FlagUITests.xctest */,
			);
			name = Products;
			sourceTree = "<group>";
		};
		F8C273F22FF6588500D6653E /* Guess The Flag */ = {
			isa = PBXGroup;
			children = (
				F8C273F32FF6588500D6653E /* Guess_The_FlagApp.swift */,
				F8C273F52FF6588500D6653E /* ContentView.swift */,
				F8C273F72FF6588A00D6653E /* Assets.xcassets */,
				F8C273F92FF6588A00D6653E /* Preview Content */,
			);
			path = "Guess The Flag";
			sourceTree = "<group>";
		};
		F8C273F92FF6588A00D6653E /* Preview Content */ = {
			isa = PBXGroup;
			children = (
				F8C273FA2FF6588A00D6653E /* Preview Assets.xcassets */,
			);
			path = "Preview Content";
			sourceTree = "<group>";
		};
		F8C274032FF6588B00D6653E /* Guess The FlagTests */ = {
			isa = PBXGroup;
			children = (
				F8C274042FF6588B00D6653E /* Guess_The_FlagTests.swift */,
			);
			path = "Guess The FlagTests";
			sourceTree = "<group>";
		};
		F8C2740D2FF6588C00D6653E /* Guess The FlagUITests */ = {
			isa = PBXGroup;
			children = (
				F8C2740E2FF6588C00D6653E /* Guess_The_FlagUITests.swift */,
				F8C274102FF6588C00D6653E /* Guess_The_FlagUITestsLaunchTests.swift */,
			);
			path = "Guess The FlagUITests";
			sourceTree = "<group>";
		};
/* End PBXGroup section */

/* Begin PBXNativeTarget section */
		F8C273EF2FF6588500D6653E /* Guess The Flag */ = {
			isa = PBXNativeTarget;
			buildConfigurationList = F8C274142FF6588C00D6653E /* Build configuration list for PBXNativeTarget "Guess The Flag" */;
			buildPhases = (
				F8C273EC2FF6588500D6653E /* Sources */,
				F8C273ED2FF6588500D6653E /* Frameworks */,
				F8C273EE2FF6588500D6653E /* Resources */,
			);
			buildRules = (
			);
			dependencies = (
			);
			name = "Guess The Flag";
			productName = "Guess The Flag";
			productReference = F8C273F02FF6588500D6653E /* Guess The Flag.app */;
			productType = "com.apple.product-type.application";
		};
		F8C273FF2FF6588B00D6653E /* Guess The FlagTests */ = {
			isa = PBXNativeTarget;
			buildConfigurationList = F8C274172FF6588C00D6653E /* Build configuration list for PBXNativeTarget "Guess The FlagTests" */;
			buildPhases = (
				F8C273FC2FF6588B00D6653E /* Sources */,
				F8C273FD2FF6588B00D6653E /* Frameworks */,
				F8C273FE2FF6588B00D6653E /* Resources */,
			);
			buildRules = (
			);
			dependencies = (
				F8C274022FF6588B00D6653E /* PBXTargetDependency */,
			);
			name = "Guess The FlagTests";
			productName = "Guess The FlagTests";
			productReference = F8C274002FF6588B00D6653E /* Guess The FlagTests.xctest */;
			productType = "com.apple.product-type.bundle.unit-test";
		};
		F8C274092FF6588B00D6653E /* Guess The FlagUITests */ = {
			isa = PBXNativeTarget;
			buildConfigurationList = F8C2741A2FF6588C00D6653E /* Build configuration list for PBXNativeTarget "Guess The FlagUITests" */;
			buildPhases = (
				F8C274062FF6588B00D6653E /* Sources */,
				F8C274072FF6588B00D6653E /* Frameworks */,
				F8C274082FF6588B00D6653E /* Resources */,
			);
			buildRules = (
			);
			dependencies = (
				F8C2740C2FF6588B00D6653E /* PBXTargetDependency */,
			);
			name = "Guess The FlagUITests";
			productName = "Guess The FlagUITests";
			productReference = F8C2740A2FF6588B00D6653E /* Guess The FlagUITests.xctest */;
			productType = "com.apple.product-type.bundle.ui-testing";
		};
/* End PBXNativeTarget section */

/* Begin PBXProject section */
		F8C273E82FF6588500D6653E /* Project object */ = {
			isa = PBXProject;
			attributes = {
				BuildIndependentTargetsInParallel = 1;
				LastSwiftUpdateCheck = 1420;
				LastUpgradeCheck = 1420;
				TargetAttributes = {
					F8C273EF2FF6588500D6653E = {
						CreatedOnToolsVersion = 14.2;
					};
					F8C273FF2FF6588B00D6653E = {
						CreatedOnToolsVersion = 14.2;
						TestTargetID = F8C273EF2FF6588500D6653E;
					};
					F8C274092FF6588B00D6653E = {
						CreatedOnToolsVersion = 14.2;
						TestTargetID = F8C273EF2FF6588500D6653E;
					};
				};
			};
			buildConfigurationList = F8C273EB2FF6588500D6653E /* Build configuration list for PBXProject "Guess The Flag" */;
			compatibilityVersion = "Xcode 14.0";
			developmentRegion = en;
			hasScannedForEncodings = 0;
			knownRegions = (
				en,
				Base,
			);
			mainGroup = F8C273E72FF6588500D6653E;
			productRefGroup = F8C273F12FF6588500D6653E /* Products */;
			projectDirPath = "";
			projectRoot = "";
			targets = (
				F8C273EF2FF6588500D6653E /* Guess The Flag */,
				F8C273FF2FF6588B00D6653E /* Guess The FlagTests */,
				F8C274092FF6588B00D6653E /* Guess The FlagUITests */,
			);
		};
/* End PBXProject section */

/* Begin PBXResourcesBuildPhase section */
		F8C273EE2FF6588500D6653E /* Resources */ = {
			isa = PBXResourcesBuildPhase;
			buildActionMask = 2147483647;
			files = (
				F8C273FB2FF6588A00D6653E /* Preview Assets.xcassets in Resources */,
				F8C273F82FF6588A00D6653E /* Assets.xcassets in Resources */,
			);
			runOnlyForDeploymentPostprocessing = 0;
		};
		F8C273FE2FF6588B00D6653E /* Resources */ = {
			isa = PBXResourcesBuildPhase;
			buildActionMask = 2147483647;
			files = (
			);
			runOnlyForDeploymentPostprocessing = 0;
		};
		F8C274082FF6588B00D6653E /* Resources */ = {
			isa = PBXResourcesBuildPhase;
			buildActionMask = 2147483647;
			files = (
			);
			runOnlyForDeploymentPostprocessing = 0;
		};
/* End PBXResourcesBuildPhase section */

/* Begin PBXSourcesBuildPhase section */
		F8C273EC2FF6588500D6653E /* Sources */ = {
			isa = PBXSourcesBuildPhase;
			buildActionMask = 2147483647;
			files = (
				F8C273F62FF6588500D6653E /* ContentView.swift in Sources */,
				F8C273F42FF6588500D6653E /* Guess_The_FlagApp.swift in Sources */,
			);
			runOnlyForDeploymentPostprocessing = 0;
		};
		F8C273FC2FF6588B00D6653E /* Sources */ = {
			isa = PBXSourcesBuildPhase;
			buildActionMask = 2147483647;
			files = (
				F8C274052FF6588B00D6653E /* Guess_The_FlagTests.swift in Sources */,
			);
			runOnlyForDeploymentPostprocessing = 0;
		};
		F8C274062FF6588B00D6653E /* Sources */ = {
			isa = PBXSourcesBuildPhase;
			buildActionMask = 2147483647;
			files = (
				F8C274112FF6588C00D6653E /* Guess_The_FlagUITestsLaunchTests.swift in Sources */,
				F8C2740F2FF6588C00D6653E /* Guess_The_FlagUITests.swift in Sources */,
			);
			runOnlyForDeploymentPostprocessing = 0;
		};
/* End PBXSourcesBuildPhase section */

/* Begin PBXTargetDependency section */
		F8C274022FF6588B00D6653E /* PBXTargetDependency */ = {
			isa = PBXTargetDependency;
			target = F8C273EF2FF6588500D6653E /* Guess The Flag */;
			targetProxy = F8C274012FF6588B00D6653E /* PBXContainerItemProxy */;
		};
		F8C2740C2FF6588B00D6653E /* PBXTargetDependency */ = {
			isa = PBXTargetDependency;
			target = F8C273EF2FF6588500D6653E /* Guess The Flag */;
			targetProxy = F8C2740B2FF6588B00D6653E /* PBXContainerItemProxy */;
		};
/* End PBXTargetDependency section */

/* Begin XCBuildConfiguration section */
		F8C274122FF6588C00D6653E /* Debug */ = {
			isa = XCBuildConfiguration;
			buildSettings = {
				ALWAYS_SEARCH_USER_PATHS = NO;
				CLANG_ANALYZER_NONNULL = YES;
				CLANG_ANALYZER_NUMBER_OBJECT_CONVERSION = YES_AGGRESSIVE;
				CLANG_CXX_LANGUAGE_STANDARD = "gnu++20";
				CLANG_ENABLE_MODULES = YES;
				CLANG_ENABLE_OBJC_ARC = YES;
				CLANG_ENABLE_OBJC_WEAK = YES;
				CLANG_WARN_BLOCK_CAPTURE_AUTORELEASING = YES;
				CLANG_WARN_BOOL_CONVERSION = YES;
				CLANG_WARN_COMMA = YES;
				CLANG_WARN_CONSTANT_CONVERSION = YES;
				CLANG_WARN_DEPRECATED_OBJC_IMPLEMENTATIONS = YES;
				CLANG_WARN_DIRECT_OBJC_ISA_USAGE = YES_ERROR;
				CLANG_WARN_DOCUMENTATION_COMMENTS = YES;
				CLANG_WARN_EMPTY_BODY = YES;
				CLANG_WARN_ENUM_CONVERSION = YES;
				CLANG_WARN_INFINITE_RECURSION = YES;
				CLANG_WARN_INT_CONVERSION = YES;
				CLANG_WARN_NON_LITERAL_NULL_CONVERSION = YES;
				CLANG_WARN_OBJC_IMPLICIT_RETAIN_SELF = YES;
				CLANG_WARN_OBJC_LITERAL_CONVERSION = YES;
				CLANG_WARN_OBJC_ROOT_CLASS = YES_ERROR;
				CLANG_WARN_QUOTED_INCLUDE_IN_FRAMEWORK_HEADER = YES;
				CLANG_WARN_RANGE_LOOP_ANALYSIS = YES;
				CLANG_WARN_STRICT_PROTOTYPES = YES;
				CLANG_WARN_SUSPICIOUS_MOVE = YES;
				CLANG_WARN_UNGUARDED_AVAILABILITY = YES_AGGRESSIVE;
				CLANG_WARN_UNREACHABLE_CODE = YES;
				CLANG_WARN__DUPLICATE_METHOD_MATCH = YES;
				COPY_PHASE_STRIP = NO;
				DEBUG_INFORMATION_FORMAT = dwarf;
				ENABLE_STRICT_OBJC_MSGSEND = YES;
				ENABLE_TESTABILITY = YES;
				GCC_C_LANGUAGE_STANDARD = gnu11;
				GCC_DYNAMIC_NO_PIC = NO;
				GCC_NO_COMMON_BLOCKS = YES;
				GCC_OPTIMIZATION_LEVEL = 0;
				GCC_PREPROCESSOR_DEFINITIONS = (
					"DEBUG=1",
					"$(inherited)",
				);
				GCC_WARN_64_TO_32_BIT_CONVERSION = YES;
				GCC_WARN_ABOUT_RETURN_TYPE = YES_ERROR;
				GCC_WARN_UNDECLARED_SELECTOR = YES;
				GCC_WARN_UNINITIALIZED_AUTOS = YES_AGGRESSIVE;
				GCC_WARN_UNUSED_FUNCTION = YES;
				GCC_WARN_UNUSED_VARIABLE = YES;
				IPHONEOS_DEPLOYMENT_TARGET = 16.2;
				MTL_ENABLE_DEBUG_INFO = INCLUDE_SOURCE;
				MTL_FAST_MATH = YES;
				ONLY_ACTIVE_ARCH = YES;
				SDKROOT = iphoneos;
				SWIFT_ACTIVE_COMPILATION_CONDITIONS = DEBUG;
				SWIFT_OPTIMIZATION_LEVEL = "-Onone";
			};
			name = Debug;
		};
		F8C274132FF6588C00D6653E /* Release */ = {
			isa = XCBuildConfiguration;
			buildSettings = {
				ALWAYS_SEARCH_USER_PATHS = NO;
				CLANG_ANALYZER_NONNULL = YES;
				CLANG_ANALYZER_NUMBER_OBJECT_CONVERSION = YES_AGGRESSIVE;
				CLANG_CXX_LANGUAGE_STANDARD = "gnu++20";
				CLANG_ENABLE_MODULES = YES;
				CLANG_ENABLE_OBJC_ARC = YES;
				CLANG_ENABLE_OBJC_WEAK = YES;
				CLANG_WARN_BLOCK_CAPTURE_AUTORELEASING = YES;
				CLANG_WARN_BOOL_CONVERSION = YES;
				CLANG_WARN_COMMA = YES;
				CLANG_WARN_CONSTANT_CONVERSION = YES;
				CLANG_WARN_DEPRECATED_OBJC_IMPLEMENTATIONS = YES;
				CLANG_WARN_DIRECT_OBJC_ISA_USAGE = YES_ERROR;
				CLANG_WARN_DOCUMENTATION_COMMENTS = YES;
				CLANG_WARN_EMPTY_BODY = YES;
				CLANG_WARN_ENUM_CONVERSION = YES;
				CLANG_WARN_INFINITE_RECURSION = YES;
				CLANG_WARN_INT_CONVERSION = YES;
				CLANG_WARN_NON_LITERAL_NULL_CONVERSION = YES;
				CLANG_WARN_OBJC_IMPLICIT_RETAIN_SELF = YES;
				CLANG_WARN_OBJC_LITERAL_CONVERSION = YES;
				CLANG_WARN_OBJC_ROOT_CLASS = YES_ERROR;
				CLANG_WARN_QUOTED_INCLUDE_IN_FRAMEWORK_HEADER = YES;
				CLANG_WARN_RANGE_LOOP_ANALYSIS = YES;
				CLANG_WARN_STRICT_PROTOTYPES = YES;
				CLANG_WARN_SUSPICIOUS_MOVE = YES;
				CLANG_WARN_UNGUARDED_AVAILABILITY = YES_AGGRESSIVE;
				CLANG_WARN_UNREACHABLE_CODE = YES;
				CLANG_WARN__DUPLICATE_METHOD_MATCH = YES;
				COPY_PHASE_STRIP = NO;
				DEBUG_INFORMATION_FORMAT = "dwarf-with-dsym";
				ENABLE_NS_ASSERTIONS = NO;
				ENABLE_STRICT_OBJC_MSGSEND = YES;
				GCC_C_LANGUAGE_STANDARD = gnu11;
				GCC_NO_COMMON_BLOCKS = YES;
				GCC_WARN_64_TO_32_BIT_CONVERSION = YES;
				GCC_WARN_ABOUT_RETURN_TYPE = YES_ERROR;
				GCC_WARN_UNDECLARED_SELECTOR = YES;
				GCC_WARN_UNINITIALIZED_AUTOS = YES_AGGRESSIVE;
				GCC_WARN_UNUSED_FUNCTION = YES;
				GCC_WARN_UNUSED_VARIABLE = YES;
				IPHONEOS_DEPLOYMENT_TARGET = 16.2;
				MTL_ENABLE_DEBUG_INFO = NO;
				MTL_FAST_MATH = YES;
				SDKROOT = iphoneos;
				SWIFT_COMPILATION_MODE = wholemodule;
				SWIFT_OPTIMIZATION_LEVEL = "-O";
				VALIDATE_PRODUCT = YES;
			};
			name = Release;
		};
		F8C274152FF6588C00D6653E /* Debug */ = {
			isa = XCBuildConfiguration;
			buildSettings = {
				ASSETCATALOG_COMPILER_APPICON_NAME = AppIcon;
				ASSETCATALOG_COMPILER_GLOBAL_ACCENT_COLOR_NAME = AccentColor;
				CODE_SIGN_STYLE = Automatic;
				CURRENT_PROJECT_VERSION = 1;
				DEVELOPMENT_ASSET_PATHS = "\"Guess The Flag/Preview Content\"";
				ENABLE_PREVIEWS = YES;
				GENERATE_INFOPLIST_FILE = YES;
				INFOPLIST_KEY_UIApplicationSceneManifest_Generation = YES;
				INFOPLIST_KEY_UIApplicationSupportsIndirectInputEvents = YES;
				INFOPLIST_KEY_UILaunchScreen_Generation = YES;
				INFOPLIST_KEY_UISupportedInterfaceOrientations_iPad = "UIInterfaceOrientationPortrait UIInterfaceOrientationPortraitUpsideDown UIInterfaceOrientationLandscapeLeft UIInterfaceOrientationLandscapeRight";
				INFOPLIST_KEY_UISupportedInterfaceOrientations_iPhone = "UIInterfaceOrientationPortrait UIInterfaceOrientationLandscapeLeft UIInterfaceOrientationLandscapeRight";
				LD_RUNPATH_SEARCH_PATHS = (
					"$(inherited)",
					"@executable_path/Frameworks",
				);
				MARKETING_VERSION = 1.0;
				PRODUCT_BUNDLE_IDENTIFIER = "com.suayd.Guess-The-Flag";
				PRODUCT_NAME = "$(TARGET_NAME)";
				SWIFT_EMIT_LOC_STRINGS = YES;
				SWIFT_VERSION = 5.0;
				TARGETED_DEVICE_FAMILY = "1,2";
			};
			name = Debug;
		};
		F8C274162FF6588C00D6653E /* Release */ = {
			isa = XCBuildConfiguration;
			buildSettings = {
				ASSETCATALOG_COMPILER_APPICON_NAME = AppIcon;
				ASSETCATALOG_COMPILER_GLOBAL_ACCENT_COLOR_NAME = AccentColor;
				CODE_SIGN_STYLE = Automatic;
				CURRENT_PROJECT_VERSION = 1;
				DEVELOPMENT_ASSET_PATHS = "\"Guess The Flag/Preview Content\"";
				ENABLE_PREVIEWS = YES;
				GENERATE_INFOPLIST_FILE = YES;
				INFOPLIST_KEY_UIApplicationSceneManifest_Generation = YES;
				INFOPLIST_KEY_UIApplicationSupportsIndirectInputEvents = YES;
				INFOPLIST_KEY_UILaunchScreen_Generation = YES;
				INFOPLIST_KEY_UISupportedInterfaceOrientations_iPad = "UIInterfaceOrientationPortrait UIInterfaceOrientationPortraitUpsideDown UIInterfaceOrientationLandscapeLeft UIInterfaceOrientationLandscapeRight";
				INFOPLIST_KEY_UISupportedInterfaceOrientations_iPhone = "UIInterfaceOrientationPortrait UIInterfaceOrientationLandscapeLeft UIInterfaceOrientationLandscapeRight";
				LD_RUNPATH_SEARCH_PATHS = (
					"$(inherited)",
					"@executable_path/Frameworks",
				);
				MARKETING_VERSION = 1.0;
				PRODUCT_BUNDLE_IDENTIFIER = "com.suayd.Guess-The-Flag";
				PRODUCT_NAME = "$(TARGET_NAME)";
				SWIFT_EMIT_LOC_STRINGS = YES;
				SWIFT_VERSION = 5.0;
				TARGETED_DEVICE_FAMILY = "1,2";
			};
			name = Release;
		};
		F8C274182FF6588C00D6653E /* Debug */ = {
			isa = XCBuildConfiguration;
			buildSettings = {
				ALWAYS_EMBED_SWIFT_STANDARD_LIBRARIES = YES;
				BUNDLE_LOADER = "$(TEST_HOST)";
				CODE_SIGN_STYLE = Automatic;
				CURRENT_PROJECT_VERSION = 1;
				GENERATE_INFOPLIST_FILE = YES;
				IPHONEOS_DEPLOYMENT_TARGET = 16.2;
				MARKETING_VERSION = 1.0;
				PRODUCT_BUNDLE_IDENTIFIER = "com.suayd.Guess-The-FlagTests";
				PRODUCT_NAME = "$(TARGET_NAME)";
				SWIFT_EMIT_LOC_STRINGS = NO;
				SWIFT_VERSION = 5.0;
				TARGETED_DEVICE_FAMILY = "1,2";
				TEST_HOST = "$(BUILT_PRODUCTS_DIR)/Guess The Flag.app/$(BUNDLE_EXECUTABLE_FOLDER_PATH)/Guess The Flag";
			};
			name = Debug;
		};
		F8C274192FF6588C00D6653E /* Release */ = {
			isa = XCBuildConfiguration;
			buildSettings = {
				ALWAYS_EMBED_SWIFT_STANDARD_LIBRARIES = YES;
				BUNDLE_LOADER = "$(TEST_HOST)";
				CODE_SIGN_STYLE = Automatic;
				CURRENT_PROJECT_VERSION = 1;
				GENERATE_INFOPLIST_FILE = YES;
				IPHONEOS_DEPLOYMENT_TARGET = 16.2;
				MARKETING_VERSION = 1.0;
				PRODUCT_BUNDLE_IDENTIFIER = "com.suayd.Guess-The-FlagTests";
				PRODUCT_NAME = "$(TARGET_NAME)";
				SWIFT_EMIT_LOC_STRINGS = NO;
				SWIFT_VERSION = 5.0;
				TARGETED_DEVICE_FAMILY = "1,2";
				TEST_HOST = "$(BUILT_PRODUCTS_DIR)/Guess The Flag.app/$(BUNDLE_EXECUTABLE_FOLDER_PATH)/Guess The Flag";
			};
			name = Release;
		};
		F8C2741B2FF6588C00D6653E /* Debug */ = {
			isa = XCBuildConfiguration;
			buildSettings = {
				ALWAYS_EMBED_SWIFT_STANDARD_LIBRARIES = YES;
				CODE_SIGN_STYLE = Automatic;
				CURRENT_PROJECT_VERSION = 1;
				GENERATE_INFOPLIST_FILE = YES;
				MARKETING_VERSION = 1.0;
				PRODUCT_BUNDLE_IDENTIFIER = "com.suayd.Guess-The-FlagUITests";
				PRODUCT_NAME = "$(TARGET_NAME)";
				SWIFT_EMIT_LOC_STRINGS = NO;
				SWIFT_VERSION = 5.0;
				TARGETED_DEVICE_FAMILY = "1,2";
				TEST_TARGET_NAME = "Guess The Flag";
			};
			name = Debug;
		};
		F8C2741C2FF6588C00D6653E /* Release */ = {
			isa = XCBuildConfiguration;
			buildSettings = {
				ALWAYS_EMBED_SWIFT_STANDARD_LIBRARIES = YES;
				CODE_SIGN_STYLE = Automatic;
				CURRENT_PROJECT_VERSION = 1;
				GENERATE_INFOPLIST_FILE = YES;
				MARKETING_VERSION = 1.0;
				PRODUCT_BUNDLE_IDENTIFIER = "com.suayd.Guess-The-FlagUITests";
				PRODUCT_NAME = "$(TARGET_NAME)";
				SWIFT_EMIT_LOC_STRINGS = NO;
				SWIFT_VERSION = 5.0;
				TARGETED_DEVICE_FAMILY = "1,2";
				TEST_TARGET_NAME = "Guess The Flag";
			};
			name = Release;
		};
/* End XCBuildConfiguration section */

/* Begin XCConfigurationList section */
		F8C273EB2FF6588500D6653E /* Build configuration list for PBXProject "Guess The Flag" */ = {
			isa = XCConfigurationList;
			buildConfigurations = (
				F8C274122FF6588C00D6653E /* Debug */,
				F8C274132FF6588C00D6653E /* Release */,
			);
			defaultConfigurationIsVisible = 0;
			defaultConfigurationName = Release;
		};
		F8C274142FF6588C00D6653E /* Build configuration list for PBXNativeTarget "Guess The Flag" */ = {
			isa = XCConfigurationList;
			buildConfigurations = (
				F8C274152FF6588C00D6653E /* Debug */,
				F8C274162FF6588C00D6653E /* Release */,
			);
			defaultConfigurationIsVisible = 0;
			defaultConfigurationName = Release;
		};
		F8C274172FF6588C00D6653E /* Build configuration list for PBXNativeTarget "Guess The FlagTests" */ = {
			isa = XCConfigurationList;
			buildConfigurations = (
				F8C274182FF6588C00D6653E /* Debug */,
				F8C274192FF6588C00D6653E /* Release */,
			);
			defaultConfigurationIsVisible = 0;
			defaultConfigurationName = Release;
		};
		F8C2741A2FF6588C00D6653E /* Build configuration list for PBXNativeTarget "Guess The FlagUITests" */ = {
			isa = XCConfigurationList;
			buildConfigurations = (
				F8C2741B2FF6588C00D6653E /* Debug */,
				F8C2741C2FF6588C00D6653E /* Release */,
			);
			defaultConfigurationIsVisible = 0;
			defaultConfigurationName = Release;
		};
/* End XCConfigurationList section */
	};
	rootObject = F8C273E82FF6588500D6653E /* Project object */;
}
